
Microsoft Visual Studio Solution File, Format Version 12.00
Project("{FAE04EC0-301F-11D3-BF4B-00C04F79EFBC}") = "CircleApp", "CircleApp\CircleApp.csproj", "{9906F97C-D99C-48CE-B171-57D7766D6631}"
EndProject
Global
	GlobalSection(SolutionConfigurationPlatforms) = preSolution
		Debug|Any CPU = Debug|Any CPU
		Release|Any CPU = Release|Any CPU
	EndGlobalSection
	GlobalSection(ProjectConfigurationPlatforms) = postSolution
		{9906F97C-D99C-48CE-B171-57D7766D6631}.Debug|Any CPU.ActiveCfg = Debug|Any CPU
		{9906F97C-D99C-48CE-B171-57D7766D6631}.Debug|Any CPU.Build.0 = Debug|Any CPU
		{9906F97C-D99C-48CE-B171-57D7766D6631}.Release|Any CPU.ActiveCfg = Release|Any CPU
		{9906F97C-D99C-48CE-B171-57D7766D6631}.Release|Any CPU.Build.0 = Release|Any CPU
	EndGlobalSection
EndGlobal
